# This file is @generated by PDM.
# It is not intended for manual editing.

[metadata]
groups = ["default"]
strategy = ["inherit_metadata"]
lock_version = "4.5.0"
content_hash = "sha256:f10380bb98847ce9e445d81370c1e3466ad3b595a3e32f30727e979633c21ba0"

[[metadata.targets]]
requires_python = "==3.12.*"

[[package]]
name = "numpy"
version = "2.4.1"
requires_python = ">=3.11"
summary = "Fundamental package for array computing in Python"
groups = ["default"]
files = [
    {file = "numpy-2.4.1-cp312-cp312-macosx_10_13_x86_64.whl", hash = "sha256:d3703409aac693fa82c0aee023a1ae06a6e9d065dba10f5e8e80f642f1e9d0a2"},
    {file = "numpy-2.4.1-cp312-cp312-macosx_11_0_arm64.whl", hash = "sha256:7211b95ca365519d3596a1d8688a95874cc94219d417504d9ecb2df99fa7bfa8"},
    {file = "numpy-2.4.1-cp312-cp312-macosx_14_0_arm64.whl", hash = "sha256:5adf01965456a664fc727ed69cc71848f28d063217c63e1a0e200a118d5eec9a"},
    {file = "numpy-2.4.1-cp312-cp312-macosx_14_0_x86_64.whl", hash = "sha256:26f0bcd9c79a00e339565b303badc74d3ea2bd6d52191eeca5f95936cad107d0"},
    {file = "numpy-2.4.1-cp312-cp312-manylinux_2_27_aarch64.manylinux_2_28_aarch64.whl", hash = "sha256:0093e85df2960d7e4049664b26afc58b03236e967fb942354deef3208857a04c"},
    {file = "numpy-2.4.1-cp312-cp312-manylinux_2_27_x86_64.manylinux_2_28_x86_64.whl", hash = "sha256:7ad270f438cbdd402c364980317fb6b117d9ec5e226fff5b4148dd9aa9fc6e02"},
    {file = "numpy-2.4.1-cp312-cp312-musllinux_1_2_aarch64.whl", hash = "sha256:297c72b1b98100c2e8f873d5d35fb551fce7040ade83d67dd51d38c8d42a2162"},
    {file = "numpy-2.4.1-cp312-cp312-musllinux_1_2_x86_64.whl", hash = "sha256:cf6470d91d34bf669f61d515499859fa7a4c2f7c36434afb70e82df7217933f9"},
    {file = "numpy-2.4.1-cp312-cp312-win32.whl", hash = "sha256:b6bcf39112e956594b3331316d90c90c90fb961e39696bda97b89462f5f3943f"},
    {file = "numpy-2.4.1-cp312-cp312-win_amd64.whl", hash = "sha256:e1a27bb1b2dee45a2a53f5ca6ff2d1a7f135287883a1689e930d44d1ff296c87"},
    {file = "numpy-2.4.1-cp312-cp312-win_arm64.whl", hash = "sha256:0e6e8f9d9ecf95399982019c01223dc130542960a12edfa8edd1122dfa66a8a8"},
    {file = "numpy-2.4.1.tar.gz", hash = "sha256:a1ceafc5042451a858231588a104093474c6a5c57dcc724841f5c888d237d690"},
]

[[package]]
name = "opencv-python"
version = "4.13.0.90"
requires_python = ">=3.6"
summary = "Wrapper package for OpenCV python bindings."
groups = ["default"]
dependencies = [
    "numpy<2.0; python_version < \"3.9\"",
    "numpy>=2; python_version >= \"3.9\"",
]
files = [
    {file = "opencv_python-4.13.0.90-cp37-abi3-macosx_13_0_arm64.whl", hash = "sha256:58803f8b05b51d8a785e2306d83b44173b32536f980342f3bc76d8c122b5938d"},
    {file = "opencv_python-4.13.0.90-cp37-abi3-macosx_14_0_x86_64.whl", hash = "sha256:a5354e8b161409fce7710ba4c1cfe88b7bb460d97f705dc4e714a1636616f87d"},
    {file = "opencv_python-4.13.0.90-cp37-abi3-manylinux2014_aarch64.manylinux_2_17_aarch64.whl", hash = "sha256:d557cbf0c7818081c9acf56585b68e781af4f00638971f75eaa3de70904a6314"},
    {file = "opencv_python-4.13.0.90-cp37-abi3-manylinux2014_x86_64.manylinux_2_17_x86_64.whl", hash = "sha256:9911581e37b24169e4842069ff01d6645ea2bc4af7e10a022d9ebe340fd035ec"},
    {file = "opencv_python-4.13.0.90-cp37-abi3-manylinux_2_28_aarch64.whl", hash = "sha256:1150b8f1947761b848bbfa9c96ceba8877743ffef157c08a04af6f7717ddd709"},
    {file = "opencv_python-4.13.0.90-cp37-abi3-manylinux_2_28_x86_64.whl", hash = "sha256:d6716f16149b04eea52f953b8ca983d60dd9cd4872c1fd5113f6e2fcebb90e93"},
    {file = "opencv_python-4.13.0.90-cp37-abi3-win32.whl", hash = "sha256:458a00f2ba47a877eca385be3e7bcc45e6d30a4361d107ce73c1800f516dab09"},
    {file = "opencv_python-4.13.0.90-cp37-abi3-win_amd64.whl", hash = "sha256:526bde4c33a86808a751e2bb57bf4921beb49794621810971926c472897f6433"},
]
